// !$*UTF8*$!
{
	archiveVersion = 1;
	classes = {
	};
	objectVersion = 50;
	objects = {

/* Begin PBXBuildFile section */
		7E1CBCFE215A35E700434902 /* ItemList.swift in Sources */ = {isa = PBXBuildFile; fileRef = 7E1CBCFD215A35E700434902 /* ItemList.swift */; };
		7EA3813521592CF8009F2D3A /* AppDelegate.swift in Sources */ = {isa = PBXBuildFile; fileRef = 7EA3813421592CF8009F2D3A /* AppDelegate.swift */; };
		7EA3813721592CF8009F2D3A /* ToDoLIstViewController.swift in Sources */ = {isa = PBXBuildFile; fileRef = 7EA3813621592CF8009F2D3A /* ToDoLIstViewController.swift */; };
		7EA3813A21592CF8009F2D3A /* Main.storyboard in Resources */ = {isa = PBXBuildFile; fileRef = 7EA3813821592CF8009F2D3A /* Main.storyboard */; };
		7EA3813C21592CFC009F2D3A /* Assets.xcassets in Resources */ = {isa = PBXBuildFile; fileRef = 7EA3813B21592CFC009F2D3A /* Assets.xcassets */; };
		7EA3813F21592CFC009F2D3A /* LaunchScreen.storyboard in Resources */ = {isa = PBXBuildFile; fileRef = 7EA3813D21592CFC009F2D3A /* LaunchScreen.storyboard */; };
		7ED211FE215A736E0015F6B9 /* DataModel.xcdatamodeld in Sources */ = {isa = PBXBuildFile; fileRef = 7ED211FC215A736E0015F6B9 /* DataModel.xcdatamodeld */; };
		7EFAD9062160F9090008A187 /* CatigoryTableViewController.swift in Sources */ = {isa = PBXBuildFile; fileRef = 7EFAD9052160F9090008A187 /* CatigoryTableViewController.swift */; };
		E7294C19C9F3560EBAFE9D60 /* Pods_ToDo_LIst.framework in Frameworks */ = {isa = PBXBuildFile; fileRef = 6E60DBB0025B4F376A2ED942 /* Pods_ToDo_LIst.framework */; };
/* End PBXBuildFile section */

/* Begin PBXFileReference section */
		0112D7591B47B60EC9383DE2 /* Pods-ToDo LIst.release.xcconfig */ = {isa = PBXFileReference; includeInIndex = 1; lastKnownFileType = text.xcconfig; name = "Pods-ToDo LIst.release.xcconfig"; path = "Pods/Target Support Files/Pods-ToDo LIst/Pods-ToDo LIst.release.xcconfig"; sourceTree = "<group>"; };
		6E60DBB0025B4F376A2ED942 /* Pods_ToDo_LIst.framework */ = {isa = PBXFileReference; explicitFileType = wrapper.framework; includeInIndex = 0; path = Pods_ToDo_LIst.framework; sourceTree = BUILT_PRODUCTS_DIR; };
		7E1CBCFD215A35E700434902 /* ItemList.swift */ = {isa = PBXFileReference; lastKnownFileType = sourcecode.swift; path = ItemList.swift; sourceTree = "<group>"; };
		7EA3813121592CF8009F2D3A /* ToDo LIst.app */ = {isa = PBXFileReference; explicitFileType = wrapper.application; includeInIndex = 0; path = "ToDo LIst.app"; sourceTree = BUILT_PRODUCTS_DIR; };
		7EA3813421592CF8009F2D3A /* AppDelegate.swift */ = {isa = PBXFileReference; lastKnownFileType = sourcecode.swift; path = AppDelegate.swift; sourceTree = "<group>"; };
		7EA3813621592CF8009F2D3A /* ToDoLIstViewController.swift */ = {isa = PBXFileReference; lastKnownFileType = sourcecode.swift; path = ToDoLIstViewController.swift; sourceTree = "<group>"; };
		7EA3813921592CF8009F2D3A /* Base */ = {isa = PBXFileReference; lastKnownFileType = file.storyboard; name = Base; path = Base.lproj/Main.storyboard; sourceTree = "<group>"; };
		7EA3813B21592CFC009F2D3A /* Assets.xcassets */ = {isa = PBXFileReference; lastKnownFileType = folder.assetcatalog; path = Assets.xcassets; sourceTree = "<group>"; };
		7EA3813E21592CFC009F2D3A /* Base */ = {isa = PBXFileReference; lastKnownFileType = file.storyboard; name = Base; path = Base.lproj/LaunchScreen.storyboard; sourceTree = "<group>"; };
		7EA3814021592CFC009F2D3A /* Info.plist */ = {isa = PBXFileReference; lastKnownFileType = text.plist.xml; path = Info.plist; sourceTree = "<group>"; };
		7ED211FD215A736E0015F6B9 /* DataModel.xcdatamodel */ = {isa = PBXFileReference; lastKnownFileType = wrapper.xcdatamodel; path = DataModel.xcdatamodel; sourceTree = "<group>"; };
		7EFAD9052160F9090008A187 /* CatigoryTableViewController.swift */ = {isa = PBXFileReference; lastKnownFileType = sourcecode.swift; path = CatigoryTableViewController.swift; sourceTree = "<group>"; };
		B0EBEC50F8C6C4EFC99D6C92 /* Pods-ToDo LIst.debug.xcconfig */ = {isa = PBXFileReference; includeInIndex = 1; lastKnownFileType = text.xcconfig; name = "Pods-ToDo LIst.debug.xcconfig"; path = "Pods/Target Support Files/Pods-ToDo LIst/Pods-ToDo LIst.debug.xcconfig"; sourceTree = "<group>"; };
/* End PBXFileReference section */

/* Begin PBXFrameworksBuildPhase section */
		7EA3812E21592CF8009F2D3A /* Frameworks */ = {
			isa = PBXFrameworksBuildPhase;
			buildActionMask = 2147483647;
			files = (
				E7294C19C9F3560EBAFE9D60 /* Pods_ToDo_LIst.framework in Frameworks */,
			);
			runOnlyForDeploymentPostprocessing = 0;
		};
/* End PBXFrameworksBuildPhase section */

/* Begin PBXGroup section */
		16F1C57A678AFFF33D14AEAD /* Frameworks */ = {
			isa = PBXGroup;
			children = (
				6E60DBB0025B4F376A2ED942 /* Pods_ToDo_LIst.framework */,
			);
			name = Frameworks;
			sourceTree = "<group>";
		};
		7E1CBCF9215A358A00434902 /* Controlers */ = {
			isa = PBXGroup;
			children = (
				7EA3813621592CF8009F2D3A /* ToDoLIstViewController.swift */,
				7EFAD9052160F9090008A187 /* CatigoryTableViewController.swift */,
				7EA3813421592CF8009F2D3A /* AppDelegate.swift */,
			);
			path = Controlers;
			sourceTree = "<group>";
		};
		7E1CBCFB215A35A400434902 /* Views */ = {
			isa = PBXGroup;
			children = (
				7EA3813821592CF8009F2D3A /* Main.storyboard */,
				7EA3813D21592CFC009F2D3A /* LaunchScreen.storyboard */,
			);
			path = Views;
			sourceTree = "<group>";
		};
		7E1CBCFC215A35AB00434902 /* Model */ = {
			isa = PBXGroup;
			children = (
				7E1CBCFD215A35E700434902 /* ItemList.swift */,
				7ED211FC215A736E0015F6B9 /* DataModel.xcdatamodeld */,
			);
			path = Model;
			sourceTree = "<group>";
		};
		7EA3812821592CF8009F2D3A = {
			isa = PBXGroup;
			children = (
				7EA3813321592CF8009F2D3A /* ToDo LIst */,
				7EA3813221592CF8009F2D3A /* Products */,
				89BE322F76336D2DECA79DC6 /* Pods */,
				16F1C57A678AFFF33D14AEAD /* Frameworks */,
			);
			sourceTree = "<group>";
		};
		7EA3813221592CF8009F2D3A /* Products */ = {
			isa = PBXGroup;
			children = (
				7EA3813121592CF8009F2D3A /* ToDo LIst.app */,
			);
			name = Products;
			sourceTree = "<group>";
		};
		7EA3813321592CF8009F2D3A /* ToDo LIst */ = {
			isa = PBXGroup;
			children = (
				7E1CBCF9215A358A00434902 /* Controlers */,
				7E1CBCFC215A35AB00434902 /* Model */,
				7E1CBCFB215A35A400434902 /* Views */,
				7EA3814021592CFC009F2D3A /* Info.plist */,
				7EA3813B21592CFC009F2D3A /* Assets.xcassets */,
			);
			path = "ToDo LIst";
			sourceTree = "<group>";
		};
		89BE322F76336D2DECA79DC6 /* Pods */ = {
			isa = PBXGroup;
			children = (
				B0EBEC50F8C6C4EFC99D6C92 /* Pods-ToDo LIst.debug.xcconfig */,
				0112D7591B47B60EC9383DE2 /* Pods-ToDo LIst.release.xcconfig */,
			);
			name = Pods;
			sourceTree = "<group>";
		};
/* End PBXGroup section */

/* Begin PBXNativeTarget section */
		7EA3813021592CF8009F2D3A /* ToDo LIst */ = {
			isa = PBXNativeTarget;
			buildConfigurationList = 7EA3814321592CFC009F2D3A /* Build configuration list for PBXNativeTarget "ToDo LIst" */;
			buildPhases = (
				D52A3E88CDE048B8977C9CB8 /* [CP] Check Pods Manifest.lock */,
				7EA3812D21592CF8009F2D3A /* Sources */,
				7EA3812E21592CF8009F2D3A /* Frameworks */,
				7EA3812F21592CF8009F2D3A /* Resources */,
				E3D6BAB3BF113D227F628F60 /* [CP] Embed Pods Frameworks */,
			);
			buildRules = (
			);
			dependencies = (
			);
			name = "ToDo LIst";
			productName = "ToDo LIst";
			productReference = 7EA3813121592CF8009F2D3A /* ToDo LIst.app */;
			productType = "com.apple.product-type.application";
		};
/* End PBXNativeTarget section */

/* Begin PBXProject section */
		7EA3812921592CF8009F2D3A /* Project object */ = {
			isa = PBXProject;
			attributes = {
				LastSwiftUpdateCheck = 0940;
				LastUpgradeCheck = 0940;
				ORGANIZATIONNAME = "fares elsokary";
				TargetAttributes = {
					7EA3813021592CF8009F2D3A = {
						CreatedOnToolsVersion = 9.4.1;
						LastSwiftMigration = 1000;
					};
				};
			};
			buildConfigurationList = 7EA3812C21592CF8009F2D3A /* Build configuration list for PBXProject "ToDo LIst" */;
			compatibilityVersion = "Xcode 9.3";
			developmentRegion = en;
			hasScannedForEncodings = 0;
			knownRegions = (
				en,
				Base,
			);
			mainGroup = 7EA3812821592CF8009F2D3A;
			productRefGroup = 7EA3813221592CF8009F2D3A /* Products */;
			projectDirPath = "";
			projectRoot = "";
			targets = (
				7EA3813021592CF8009F2D3A /* ToDo LIst */,
			);
		};
/* End PBXProject section */

/* Begin PBXResourcesBuildPhase section */
		7EA3812F21592CF8009F2D3A /* Resources */ = {
			isa = PBXResourcesBuildPhase;
			buildActionMask = 2147483647;
			files = (
				7EA3813F21592CFC009F2D3A /* LaunchScreen.storyboard in Resources */,
				7EA3813C21592CFC009F2D3A /* Assets.xcassets in Resources */,
				7EA3813A21592CF8009F2D3A /* Main.storyboard in Resources */,
			);
			runOnlyForDeploymentPostprocessing = 0;
		};
/* End PBXResourcesBuildPhase section */

/* Begin PBXShellScriptBuildPhase section */
		D52A3E88CDE048B8977C9CB8 /* [CP] Check Pods Manifest.lock */ = {
			isa = PBXShellScriptBuildPhase;
			buildActionMask = 2147483647;
			files = (
			);
			inputFileListPaths = (
			);
			inputPaths = (
				"${PODS_PODFILE_DIR_PATH}/Podfile.lock",
				"${PODS_ROOT}/Manifest.lock",
			);
			name = "[CP] Check Pods Manifest.lock";
			outputFileListPaths = (
			);
			outputPaths = (
				"$(DERIVED_FILE_DIR)/Pods-ToDo LIst-checkManifestLockResult.txt",
			);
			runOnlyForDeploymentPostprocessing = 0;
			shellPath = /bin/sh;
			shellScript = "diff \"${PODS_PODFILE_DIR_PATH}/Podfile.lock\" \"${PODS_ROOT}/Manifest.lock\" > /dev/null\nif [ $? != 0 ] ; then\n    # print error to STDERR\n    echo \"error: The sandbox is not in sync with the Podfile.lock. Run 'pod install' or update your CocoaPods installation.\" >&2\n    exit 1\nfi\n# This output is used by Xcode 'outputs' to avoid re-running this script phase.\necho \"SUCCESS\" > \"${SCRIPT_OUTPUT_FILE_0}\"\n";
			showEnvVarsInLog = 0;
		};
		E3D6BAB3BF113D227F628F60 /* [CP] Embed Pods Frameworks */ = {
			isa = PBXShellScriptBuildPhase;
			buildActionMask = 2147483647;
			files = (
			);
			inputFileListPaths = (
			);
			inputPaths = (
				"${SRCROOT}/Pods/Target Support Files/Pods-ToDo LIst/Pods-ToDo LIst-frameworks.sh",
				"${BUILT_PRODUCTS_DIR}/Realm/Realm.framework",
				"${BUILT_PRODUCTS_DIR}/RealmSwift/RealmSwift.framework",
			);
			name = "[CP] Embed Pods Frameworks";
			outputFileListPaths = (
			);
			outputPaths = (
				"${TARGET_BUILD_DIR}/${FRAMEWORKS_FOLDER_PATH}/Realm.framework",
				"${TARGET_BUILD_DIR}/${FRAMEWORKS_FOLDER_PATH}/RealmSwift.framework",
			);
			runOnlyForDeploymentPostprocessing = 0;
			shellPath = /bin/sh;
			shellScript = "\"${SRCROOT}/Pods/Target Support Files/Pods-ToDo LIst/Pods-ToDo LIst-frameworks.sh\"\n";
			showEnvVarsInLog = 0;
		};
/* End PBXShellScriptBuildPhase section */

/* Begin PBXSourcesBuildPhase section */
		7EA3812D21592CF8009F2D3A /* Sources */ = {
			isa = PBXSourcesBuildPhase;
			buildActionMask = 2147483647;
			files = (
				7EA3813721592CF8009F2D3A /* ToDoLIstViewController.swift in Sources */,
				7EFAD9062160F9090008A187 /* CatigoryTableViewController.swift in Sources */,
				7ED211FE215A736E0015F6B9 /* DataModel.xcdatamodeld in Sources */,
				7E1CBCFE215A35E700434902 /* ItemList.swift in Sources */,
				7EA3813521592CF8009F2D3A /* AppDelegate.swift in Sources */,
			);
			runOnlyForDeploymentPostprocessing = 0;
		};
/* End PBXSourcesBuildPhase section */

/* Begin PBXVariantGroup section */
		7EA3813821592CF8009F2D3A /* Main.storyboard */ = {
			isa = PBXVariantGroup;
			children = (
				7EA3813921592CF8009F2D3A /* Base */,
			);
			name = Main.storyboard;
			sourceTree = "<group>";
		};
		7EA3813D21592CFC009F2D3A /* LaunchScreen.storyboard */ = {
			isa = PBXVariantGroup;
			children = (
				7EA3813E21592CFC009F2D3A /* Base */,
			);
			name = LaunchScreen.storyboard;
			sourceTree = "<group>";
		};
/* End PBXVariantGroup section */

/* Begin XCBuildConfiguration section */
		7EA3814121592CFC009F2D3A /* Debug */ = {
			isa = XCBuildConfiguration;
			buildSettings = {
				ALWAYS_SEARCH_USER_PATHS = NO;
				CLANG_ANALYZER_NONNULL = YES;
				CLANG_ANALYZER_NUMBER_OBJECT_CONVERSION = YES_AGGRESSIVE;
				CLANG_CXX_LANGUAGE_STANDARD = "gnu++14";
				CLANG_CXX_LIBRARY = "libc++";
				CLANG_ENABLE_MODULES = YES;
				CLANG_ENABLE_OBJC_ARC = YES;
				CLANG_ENABLE_OBJC_WEAK = YES;
				CLANG_WARN_BLOCK_CAPTURE_AUTORELEASING = YES;
				CLANG_WARN_BOOL_CONVERSION = YES;
				CLANG_WARN_COMMA = YES;
				CLANG_WARN_CONSTANT_CONVERSION = YES;
				CLANG_WARN_DEPRECATED_OBJC_IMPLEMENTATIONS = YES;
				CLANG_WARN_DIRECT_OBJC_ISA_USAGE = YES_ERROR;
				CLANG_WARN_DOCUMENTATION_COMMENTS = YES;
				CLANG_WARN_EMPTY_BODY = YES;
				CLANG_WARN_ENUM_CONVERSION = YES;
				CLANG_WARN_INFINITE_RECURSION = YES;
				CLANG_WARN_INT_CONVERSION = YES;
				CLANG_WARN_NON_LITERAL_NULL_CONVERSION = YES;
				CLANG_WARN_OBJC_IMPLICIT_RETAIN_SELF = YES;
				CLANG_WARN_OBJC_LITERAL_CONVERSION = YES;
				CLANG_WARN_OBJC_ROOT_CLASS = YES_ERROR;
				CLANG_WARN_RANGE_LOOP_ANALYSIS = YES;
				CLANG_WARN_STRICT_PROTOTYPES = YES;
				CLANG_WARN_SUSPICIOUS_MOVE = YES;
				CLANG_WARN_UNGUARDED_AVAILABILITY = YES_AGGRESSIVE;
				CLANG_WARN_UNREACHABLE_CODE = YES;
				CLANG_WARN__DUPLICATE_METHOD_MATCH = YES;
				CODE_SIGN_IDENTITY = "iPhone Developer";
				COPY_PHASE_STRIP = NO;
				DEBUG_INFORMATION_FORMAT = dwarf;
				ENABLE_STRICT_OBJC_MSGSEND = YES;
				ENABLE_TESTABILITY = YES;
				GCC_C_LANGUAGE_STANDARD = gnu11;
				GCC_DYNAMIC_NO_PIC = NO;
				GCC_NO_COMMON_BLOCKS = YES;
				GCC_OPTIMIZATION_LEVEL = 0;
				GCC_PREPROCESSOR_DEFINITIONS = (
					"DEBUG=1",
					"$(inherited)",
				);
				GCC_WARN_64_TO_32_BIT_CONVERSION = YES;
				GCC_WARN_ABOUT_RETURN_TYPE = YES_ERROR;
				GCC_WARN_UNDECLARED_SELECTOR = YES;
				GCC_WARN_UNINITIALIZED_AUTOS = YES_AGGRESSIVE;
				GCC_WARN_UNUSED_FUNCTION = YES;
				GCC_WARN_UNUSED_VARIABLE = YES;
				IPHONEOS_DEPLOYMENT_TARGET = 11.4;
				MTL_ENABLE_DEBUG_INFO = YES;
				ONLY_ACTIVE_ARCH = YES;
				SDKROOT = iphoneos;
				SWIFT_ACTIVE_COMPILATION_CONDITIONS = DEBUG;
				SWIFT_OPTIMIZATION_LEVEL = "-Onone";
			};
			name = Debug;
		};
		7EA3814221592CFC009F2D3A /* Release */ = {
			isa = XCBuildConfiguration;
			buildSettings = {
				ALWAYS_SEARCH_USER_PATHS = NO;
				CLANG_ANALYZER_NONNULL = YES;
				CLANG_ANALYZER_NUMBER_OBJECT_CONVERSION = YES_AGGRESSIVE;
				CLANG_CXX_LANGUAGE_STANDARD = "gnu++14";
				CLANG_CXX_LIBRARY = "libc++";
				CLANG_ENABLE_MODULES = YES;
				CLANG_ENABLE_OBJC_ARC = YES;
				CLANG_ENABLE_OBJC_WEAK = YES;
				CLANG_WARN_BLOCK_CAPTURE_AUTORELEASING = YES;
				CLANG_WARN_BOOL_CONVERSION = YES;
				CLANG_WARN_COMMA = YES;
				CLANG_WARN_CONSTANT_CONVERSION = YES;
				CLANG_WARN_DEPRECATED_OBJC_IMPLEMENTATIONS = YES;
				CLANG_WARN_DIRECT_OBJC_ISA_USAGE = YES_ERROR;
				CLANG_WARN_DOCUMENTATION_COMMENTS = YES;
				CLANG_WARN_EMPTY_BODY = YES;
				CLANG_WARN_ENUM_CONVERSION = YES;
				CLANG_WARN_INFINITE_RECURSION = YES;
				CLANG_WARN_INT_CONVERSION = YES;
				CLANG_WARN_NON_LITERAL_NULL_CONVERSION = YES;
				CLANG_WARN_OBJC_IMPLICIT_RETAIN_SELF = YES;
				CLANG_WARN_OBJC_LITERAL_CONVERSION = YES;
				CLANG_WARN_OBJC_ROOT_CLASS = YES_ERROR;
				CLANG_WARN_RANGE_LOOP_ANALYSIS = YES;
				CLANG_WARN_STRICT_PROTOTYPES = YES;
				CLANG_WARN_SUSPICIOUS_MOVE = YES;
				CLANG_WARN_UNGUARDED_AVAILABILITY = YES_AGGRESSIVE;
				CLANG_WARN_UNREACHABLE_CODE = YES;
				CLANG_WARN__DUPLICATE_METHOD_MATCH = YES;
				CODE_SIGN_IDENTITY = "iPhone Developer";
				COPY_PHASE_STRIP = NO;
				DEBUG_INFORMATION_FORMAT = "dwarf-with-dsym";
				ENABLE_NS_ASSERTIONS = NO;
				ENABLE_STRICT_OBJC_MSGSEND = YES;
				GCC_C_LANGUAGE_STANDARD = gnu11;
				GCC_NO_COMMON_BLOCKS = YES;
				GCC_WARN_64_TO_32_BIT_CONVERSION = YES;
				GCC_WARN_ABOUT_RETURN_TYPE = YES_ERROR;
				GCC_WARN_UNDECLARED_SELECTOR = YES;
				GCC_WARN_UNINITIALIZED_AUTOS = YES_AGGRESSIVE;
				GCC_WARN_UNUSED_FUNCTION = YES;
				GCC_WARN_UNUSED_VARIABLE = YES;
				IPHONEOS_DEPLOYMENT_TARGET = 11.4;
				MTL_ENABLE_DEBUG_INFO = NO;
				SDKROOT = iphoneos;
				SWIFT_COMPILATION_MODE = wholemodule;
				SWIFT_OPTIMIZATION_LEVEL = "-O";
				VALIDATE_PRODUCT = YES;
			};
			name = Release;
		};
		7EA3814421592CFC009F2D3A /* Debug */ = {
			isa = XCBuildConfiguration;
			baseConfigurationReference = B0EBEC50F8C6C4EFC99D6C92 /* Pods-ToDo LIst.debug.xcconfig */;
			buildSettings = {
				ASSETCATALOG_COMPILER_APPICON_NAME = AppIcon;
				CODE_SIGN_STYLE = Automatic;
				DEVELOPMENT_TEAM = SQPBX26AMP;
				INFOPLIST_FILE = "ToDo LIst/Info.plist";
				LD_RUNPATH_SEARCH_PATHS = (
					"$(inherited)",
					"@executable_path/Frameworks",
				);
				PRODUCT_BUNDLE_IDENTIFIER = "com.FaresElsokary.ToDo-LIst";
				PRODUCT_NAME = "$(TARGET_NAME)";
				SWIFT_VERSION = 4.2;
				TARGETED_DEVICE_FAMILY = "1,2";
			};
			name = Debug;
		};
		7EA3814521592CFC009F2D3A /* Release */ = {
			isa = XCBuildConfiguration;
			baseConfigurationReference = 0112D7591B47B60EC9383DE2 /* Pods-ToDo LIst.release.xcconfig */;
			buildSettings = {
				ASSETCATALOG_COMPILER_APPICON_NAME = AppIcon;
				CODE_SIGN_STYLE = Automatic;
				DEVELOPMENT_TEAM = SQPBX26AMP;
				INFOPLIST_FILE = "ToDo LIst/Info.plist";
				LD_RUNPATH_SEARCH_PATHS = (
					"$(inherited)",
					"@executable_path/Frameworks",
				);
				PRODUCT_BUNDLE_IDENTIFIER = "com.FaresElsokary.ToDo-LIst";
				PRODUCT_NAME = "$(TARGET_NAME)";
				SWIFT_VERSION = 4.2;
				TARGETED_DEVICE_FAMILY = "1,2";
			};
			name = Release;
		};
/* End XCBuildConfiguration section */

/* Begin XCConfigurationList section */
		7EA3812C21592CF8009F2D3A /* Build configuration list for PBXProject "ToDo LIst" */ = {
			isa = XCConfigurationList;
			buildConfigurations = (
				7EA3814121592CFC009F2D3A /* Debug */,
				7EA3814221592CFC009F2D3A /* Release */,
			);
			defaultConfigurationIsVisible = 0;
			defaultConfigurationName = Release;
		};
		7EA3814321592CFC009F2D3A /* Build configuration list for PBXNativeTarget "ToDo LIst" */ = {
			isa = XCConfigurationList;
			buildConfigurations = (
				7EA3814421592CFC009F2D3A /* Debug */,
				7EA3814521592CFC009F2D3A /* Release */,
			);
			defaultConfigurationIsVisible = 0;
			defaultConfigurationName = Release;
		};
/* End XCConfigurationList section */

/* Begin XCVersionGroup section */
		7ED211FC215A736E0015F6B9 /* DataModel.xcdatamodeld */ = {
			isa = XCVersionGroup;
			children = (
				7ED211FD215A736E0015F6B9 /* DataModel.xcdatamodel */,
			);
			currentVersion = 7ED211FD215A736E0015F6B9 /* DataModel.xcdatamodel */;
			path = DataModel.xcdatamodeld;
			sourceTree = "<group>";
			versionGroupType = wrapper.xcdatamodel;
		};
/* End XCVersionGroup section */
	};
	rootObject = 7EA3812921592CF8009F2D3A /* Project object */;
}
